
Microsoft Visual Studio Solution File, Format Version 12.00
# Visual Studio 15
VisualStudioVersion = 15.0.27703.2018
MinimumVisualStudioVersion = 10.0.40219.1
Project("{FAE04EC0-301F-11D3-BF4B-00C04F79EFBC}") = "MakeEven", "MakeEven\MakeEven.csproj", "{1CC62438-D156-45D9-A14F-4ABA5AB9870F}"
EndProject
Project("{FAE04EC0-301F-11D3-BF4B-00C04F79EFBC}") = "IsOdd", "IsOdd\IsOdd.csproj", "{2EADBE8B-B46B-499A-9941-8C1A23BE5B4E}"
EndProject
Project("{FAE04EC0-301F-11D3-BF4B-00C04F79EFBC}") = "ShowBits", "ShowBits\ShowBits.csproj", "{D2070965-ACF2-4063-93D9-A0150117C370}"
EndProject
Project("{FAE04EC0-301F-11D3-BF4B-00C04F79EFBC}") = "MakeOdd", "MakeOdd\MakeOdd.csproj", "{C118D3D9-519E-4C0E-B5D5-2900EC386EE5}"
EndProject
Project("{FAE04EC0-301F-11D3-BF4B-00C04F79EFBC}") = "Encode", "Encode\Encode.csproj", "{55572F16-6989-4336-AE67-235768608CAE}"
EndProject
Project("{FAE04EC0-301F-11D3-BF4B-00C04F79EFBC}") = "NotDemo", "NotDemo\NotDemo.csproj", "{B7C05CC1-10B4-497D-A34C-E3686C8C2E61}"
EndProject
Project("{FAE04EC0-301F-11D3-BF4B-00C04F79EFBC}") = "ShiftDemo", "ShiftDemo\ShiftDemo.csproj", "{D244BA32-6DF9-46D3-88A0-0ABD716A9600}"
EndProject
Project("{FAE04EC0-301F-11D3-BF4B-00C04F79EFBC}") = "MultDiv", "MultDiv\MultDiv.csproj", "{2262F2A6-3A1D-41B9-9A5B-BB37FD2AEB42}"
EndProject
Project("{FAE04EC0-301F-11D3-BF4B-00C04F79EFBC}") = "ternary", "ternary\ternary.csproj", "{850FB262-9F92-40BA-800B-D4E897A64E92}"
EndProject
Project("{FAE04EC0-301F-11D3-BF4B-00C04F79EFBC}") = "Factorial", "Factorial\Factorial.csproj", "{13C122A9-9044-4756-843D-1E0A8DD7AEF9}"
EndProject
Project("{FAE04EC0-301F-11D3-BF4B-00C04F79EFBC}") = "Cipher", "Cipher\Cipher.csproj", "{75ED4E8E-CD92-42FF-BFDB-956471D91C2D}"
EndProject
Project("{FAE04EC0-301F-11D3-BF4B-00C04F79EFBC}") = "Factory", "Factory\Factory.csproj", "{B58BECEA-9947-4F65-82AE-F3BA8CED9198}"
EndProject
Project("{FAE04EC0-301F-11D3-BF4B-00C04F79EFBC}") = "If_Else", "If_Else\If_Else.csproj", "{AE83DF29-694B-4A22-99D6-2AD27B19D066}"
EndProject
Project("{FAE04EC0-301F-11D3-BF4B-00C04F79EFBC}") = "UseFinally", "UseFinally\UseFinally.csproj", "{3B469D2E-0BF2-44C0-8D28-2152F1F1F70B}"
EndProject
Project("{FAE04EC0-301F-11D3-BF4B-00C04F79EFBC}") = "DelegateTest", "DelegateTest\DelegateTest.csproj", "{D74A8435-DBD1-448F-8874-C4D8348A0574}"
EndProject
Global
	GlobalSection(SolutionConfigurationPlatforms) = preSolution
		Debug|Any CPU = Debug|Any CPU
		Release|Any CPU = Release|Any CPU
	EndGlobalSection
	GlobalSection(ProjectConfigurationPlatforms) = postSolution
		{1CC62438-D156-45D9-A14F-4ABA5AB9870F}.Debug|Any CPU.ActiveCfg = Debug|Any CPU
		{1CC62438-D156-45D9-A14F-4ABA5AB9870F}.Debug|Any CPU.Build.0 = Debug|Any CPU
		{1CC62438-D156-45D9-A14F-4ABA5AB9870F}.Release|Any CPU.ActiveCfg = Release|Any CPU
		{1CC62438-D156-45D9-A14F-4ABA5AB9870F}.Release|Any CPU.Build.0 = Release|Any CPU
		{2EADBE8B-B46B-499A-9941-8C1A23BE5B4E}.Debug|Any CPU.ActiveCfg = Debug|Any CPU
		{2EADBE8B-B46B-499A-9941-8C1A23BE5B4E}.Debug|Any CPU.Build.0 = Debug|Any CPU
		{2EADBE8B-B46B-499A-9941-8C1A23BE5B4E}.Release|Any CPU.ActiveCfg = Release|Any CPU
		{2EADBE8B-B46B-499A-9941-8C1A23BE5B4E}.Release|Any CPU.Build.0 = Release|Any CPU
		{D2070965-ACF2-4063-93D9-A0150117C370}.Debug|Any CPU.ActiveCfg = Debug|Any CPU
		{D2070965-ACF2-4063-93D9-A0150117C370}.Debug|Any CPU.Build.0 = Debug|Any CPU
		{D2070965-ACF2-4063-93D9-A0150117C370}.Release|Any CPU.ActiveCfg = Release|Any CPU
		{D2070965-ACF2-4063-93D9-A0150117C370}.Release|Any CPU.Build.0 = Release|Any CPU
		{C118D3D9-519E-4C0E-B5D5-2900EC386EE5}.Debug|Any CPU.ActiveCfg = Debug|Any CPU
		{C118D3D9-519E-4C0E-B5D5-2900EC386EE5}.Debug|Any CPU.Build.0 = Debug|Any CPU
		{C118D3D9-519E-4C0E-B5D5-2900EC386EE5}.Release|Any CPU.ActiveCfg = Release|Any CPU
		{C118D3D9-519E-4C0E-B5D5-2900EC386EE5}.Release|Any CPU.Build.0 = Release|Any CPU
		{55572F16-6989-4336-AE67-235768608CAE}.Debug|Any CPU.ActiveCfg = Debug|Any CPU
		{55572F16-6989-4336-AE67-235768608CAE}.Debug|Any CPU.Build.0 = Debug|Any CPU
		{55572F16-6989-4336-AE67-235768608CAE}.Release|Any CPU.ActiveCfg = Release|Any CPU
		{55572F16-6989-4336-AE67-235768608CAE}.Release|Any CPU.Build.0 = Release|Any CPU
		{B7C05CC1-10B4-497D-A34C-E3686C8C2E61}.Debug|Any CPU.ActiveCfg = Debug|Any CPU
		{B7C05CC1-10B4-497D-A34C-E3686C8C2E61}.Debug|Any CPU.Build.0 = Debug|Any CPU
		{B7C05CC1-10B4-497D-A34C-E3686C8C2E61}.Release|Any CPU.ActiveCfg = Release|Any CPU
		{B7C05CC1-10B4-497D-A34C-E3686C8C2E61}.Release|Any CPU.Build.0 = Release|Any CPU
		{D244BA32-6DF9-46D3-88A0-0ABD716A9600}.Debug|Any CPU.ActiveCfg = Debug|Any CPU
		{D244BA32-6DF9-46D3-88A0-0ABD716A9600}.Debug|Any CPU.Build.0 = Debug|Any CPU
		{D244BA32-6DF9-46D3-88A0-0ABD716A9600}.Release|Any CPU.ActiveCfg = Release|Any CPU
		{D244BA32-6DF9-46D3-88A0-0ABD716A9600}.Release|Any CPU.Build.0 = Release|Any CPU
		{2262F2A6-3A1D-41B9-9A5B-BB37FD2AEB42}.Debug|Any CPU.ActiveCfg = Debug|Any CPU
		{2262F2A6-3A1D-41B9-9A5B-BB37FD2AEB42}.Debug|Any CPU.Build.0 = Debug|Any CPU
		{2262F2A6-3A1D-41B9-9A5B-BB37FD2AEB42}.Release|Any CPU.ActiveCfg = Release|Any CPU
		{2262F2A6-3A1D-41B9-9A5B-BB37FD2AEB42}.Release|Any CPU.Build.0 = Release|Any CPU
		{850FB262-9F92-40BA-800B-D4E897A64E92}.Debug|Any CPU.ActiveCfg = Debug|Any CPU
		{850FB262-9F92-40BA-800B-D4E897A64E92}.Debug|Any CPU.Build.0 = Debug|Any CPU
		{850FB262-9F92-40BA-800B-D4E897A64E92}.Release|Any CPU.ActiveCfg = Release|Any CPU
		{850FB262-9F92-40BA-800B-D4E897A64E92}.Release|Any CPU.Build.0 = Release|Any CPU
		{13C122A9-9044-4756-843D-1E0A8DD7AEF9}.Debug|Any CPU.ActiveCfg = Debug|Any CPU
		{13C122A9-9044-4756-843D-1E0A8DD7AEF9}.Debug|Any CPU.Build.0 = Debug|Any CPU
		{13C122A9-9044-4756-843D-1E0A8DD7AEF9}.Release|Any CPU.ActiveCfg = Release|Any CPU
		{13C122A9-9044-4756-843D-1E0A8DD7AEF9}.Release|Any CPU.Build.0 = Release|Any CPU
		{75ED4E8E-CD92-42FF-BFDB-956471D91C2D}.Debug|Any CPU.ActiveCfg = Debug|Any CPU
		{75ED4E8E-CD92-42FF-BFDB-956471D91C2D}.Debug|Any CPU.Build.0 = Debug|Any CPU
		{75ED4E8E-CD92-42FF-BFDB-956471D91C2D}.Release|Any CPU.ActiveCfg = Release|Any CPU
		{75ED4E8E-CD92-42FF-BFDB-956471D91C2D}.Release|Any CPU.Build.0 = Release|Any CPU
		{B58BECEA-9947-4F65-82AE-F3BA8CED9198}.Debug|Any CPU.ActiveCfg = Debug|Any CPU
		{B58BECEA-9947-4F65-82AE-F3BA8CED9198}.Debug|Any CPU.Build.0 = Debug|Any CPU
		{B58BECEA-9947-4F65-82AE-F3BA8CED9198}.Release|Any CPU.ActiveCfg = Release|Any CPU
		{B58BECEA-9947-4F65-82AE-F3BA8CED9198}.Release|Any CPU.Build.0 = Release|Any CPU
		{AE83DF29-694B-4A22-99D6-2AD27B19D066}.Debug|Any CPU.ActiveCfg = Debug|Any CPU
		{AE83DF29-694B-4A22-99D6-2AD27B19D066}.Debug|Any CPU.Build.0 = Debug|Any CPU
		{AE83DF29-694B-4A22-99D6-2AD27B19D066}.Release|Any CPU.ActiveCfg = Release|Any CPU
		{AE83DF29-694B-4A22-99D6-2AD27B19D066}.Release|Any CPU.Build.0 = Release|Any CPU
		{3B469D2E-0BF2-44C0-8D28-2152F1F1F70B}.Debug|Any CPU.ActiveCfg = Debug|Any CPU
		{3B469D2E-0BF2-44C0-8D28-2152F1F1F70B}.Debug|Any CPU.Build.0 = Debug|Any CPU
		{3B469D2E-0BF2-44C0-8D28-2152F1F1F70B}.Release|Any CPU.ActiveCfg = Release|Any CPU
		{3B469D2E-0BF2-44C0-8D28-2152F1F1F70B}.Release|Any CPU.Build.0 = Release|Any CPU
		{D74A8435-DBD1-448F-8874-C4D8348A0574}.Debug|Any CPU.ActiveCfg = Debug|Any CPU
		{D74A8435-DBD1-448F-8874-C4D8348A0574}.Debug|Any CPU.Build.0 = Debug|Any CPU
		{D74A8435-DBD1-448F-8874-C4D8348A0574}.Release|Any CPU.ActiveCfg = Release|Any CPU
		{D74A8435-DBD1-448F-8874-C4D8348A0574}.Release|Any CPU.Build.0 = Release|Any CPU
	EndGlobalSection
	GlobalSection(SolutionProperties) = preSolution
		HideSolutionNode = FALSE
	EndGlobalSection
	GlobalSection(ExtensibilityGlobals) = postSolution
		SolutionGuid = {BE2AD79E-DD91-442B-9C23-DC8ECA7978DD}
	EndGlobalSection
EndGlobal
